
Microsoft Visual Studio Solution File, Format Version 12.00
# Visual Studio Version 17
VisualStudioVersion = 17.2.32602.215
MinimumVisualStudioVersion = 10.0.40219.1
Project("{9A19103F-16F7-4668-BE54-9A1E7A4F7556}") = "CSP.API", "CSP.API.csproj", "{34AFC385-089E-4B9F-8CD7-7F4B694C92C4}"
EndProject
Project("{FAE04EC0-301F-11D3-BF4B-00C04F79EFBC}") = "CSP.Domain", "..\CSP.Domain\CSP.Domain.csproj", "{ACF3314F-0A43-4DCF-A4A2-F49AD277D9C3}"
EndProject
Project("{FAE04EC0-301F-11D3-BF4B-00C04F79EFBC}") = "CSP.Infrastructure", "..\CSP.Infrastructure\CSP.Infrastructure.csproj", "{E4905366-0063-4ED5-9845-F2DD7E86F2BE}"
EndProject
Project("{FAE04EC0-301F-11D3-BF4B-00C04F79EFBC}") = "CSP.Application", "..\CSP.Application\CSP.Application.csproj", "{AABD2B88-E47A-4FF9-ACC7-8268D36D8D7F}"
EndProject
Global
	GlobalSection(SolutionConfigurationPlatforms) = preSolution
		Debug|Any CPU = Debug|Any CPU
		Release|Any CPU = Release|Any CPU
	EndGlobalSection
	GlobalSection(ProjectConfigurationPlatforms) = postSolution
		{34AFC385-089E-4B9F-8CD7-7F4B694C92C4}.Debug|Any CPU.ActiveCfg = Debug|Any CPU
		{34AFC385-089E-4B9F-8CD7-7F4B694C92C4}.Debug|Any CPU.Build.0 = Debug|Any CPU
		{34AFC385-089E-4B9F-8CD7-7F4B694C92C4}.Release|Any CPU.ActiveCfg = Release|Any CPU
		{34AFC385-089E-4B9F-8CD7-7F4B694C92C4}.Release|Any CPU.Build.0 = Release|Any CPU
		{ACF3314F-0A43-4DCF-A4A2-F49AD277D9C3}.Debug|Any CPU.ActiveCfg = Debug|Any CPU
		{ACF3314F-0A43-4DCF-A4A2-F49AD277D9C3}.Debug|Any CPU.Build.0 = Debug|Any CPU
		{ACF3314F-0A43-4DCF-A4A2-F49AD277D9C3}.Release|Any CPU.ActiveCfg = Release|Any CPU
		{ACF3314F-0A43-4DCF-A4A2-F49AD277D9C3}.Release|Any CPU.Build.0 = Release|Any CPU
		{E4905366-0063-4ED5-9845-F2DD7E86F2BE}.Debug|Any CPU.ActiveCfg = Debug|Any CPU
		{E4905366-0063-4ED5-9845-F2DD7E86F2BE}.Debug|Any CPU.Build.0 = Debug|Any CPU
		{E4905366-0063-4ED5-9845-F2DD7E86F2BE}.Release|Any CPU.ActiveCfg = Release|Any CPU
		{E4905366-0063-4ED5-9845-F2DD7E86F2BE}.Release|Any CPU.Build.0 = Release|Any CPU
		{AABD2B88-E47A-4FF9-ACC7-8268D36D8D7F}.Debug|Any CPU.ActiveCfg = Debug|Any CPU
		{AABD2B88-E47A-4FF9-ACC7-8268D36D8D7F}.Debug|Any CPU.Build.0 = Debug|Any CPU
		{AABD2B88-E47A-4FF9-ACC7-8268D36D8D7F}.Release|Any CPU.ActiveCfg = Release|Any CPU
		{AABD2B88-E47A-4FF9-ACC7-8268D36D8D7F}.Release|Any CPU.Build.0 = Release|Any CPU
	EndGlobalSection
	GlobalSection(SolutionProperties) = preSolution
		HideSolutionNode = FALSE
	EndGlobalSection
	GlobalSection(ExtensibilityGlobals) = postSolution
		SolutionGuid = {B6E250FA-F9C7-4A86-BE84-B2D060119F89}
	EndGlobalSection
EndGlobal
